// !$*UTF8*$!
{
	archiveVersion = 1;
	classes = {
	};
	objectVersion = 50;
	objects = {

/* Begin PBXBuildFile section */
		F6E6651E26030DD4005043FF /* AppDelegate.m in Sources */ = {isa = PBXBuildFile; fileRef = F6E6651D26030DD4005043FF /* AppDelegate.m */; };
		F6E6652126030DD4005043FF /* SceneDelegate.m in Sources */ = {isa = PBXBuildFile; fileRef = F6E6652026030DD4005043FF /* SceneDelegate.m */; };
		F6E6652426030DD4005043FF /* ViewController.m in Sources */ = {isa = PBXBuildFile; fileRef = F6E6652326030DD4005043FF /* ViewController.m */; };
		F6E6652726030DD4005043FF /* Main.storyboard in Resources */ = {isa = PBXBuildFile; fileRef = F6E6652526030DD4005043FF /* Main.storyboard */; };
		F6E6652926030DD6005043FF /* Assets.xcassets in Resources */ = {isa = PBXBuildFile; fileRef = F6E6652826030DD6005043FF /* Assets.xcassets */; };
		F6E6652C26030DD6005043FF /* LaunchScreen.storyboard in Resources */ = {isa = PBXBuildFile; fileRef = F6E6652A26030DD6005043FF /* LaunchScreen.storyboard */; };
		F6E6652F26030DD6005043FF /* main.m in Sources */ = {isa = PBXBuildFile; fileRef = F6E6652E26030DD6005043FF /* main.m */; };
		F6E6653926030DD6005043FF /* PSCircleProgressTests.m in Sources */ = {isa = PBXBuildFile; fileRef = F6E6653826030DD6005043FF /* PSCircleProgressTests.m */; };
		F6E6654426030DD6005043FF /* PSCircleProgressUITests.m in Sources */ = {isa = PBXBuildFile; fileRef = F6E6654326030DD6005043FF /* PSCircleProgressUITests.m */; };
/* End PBXBuildFile section */

/* Begin PBXContainerItemProxy section */
		F6E6653526030DD6005043FF /* PBXContainerItemProxy */ = {
			isa = PBXContainerItemProxy;
			containerPortal = F6E6651126030DD4005043FF /* Project object */;
			proxyType = 1;
			remoteGlobalIDString = F6E6651826030DD4005043FF;
			remoteInfo = PSCircleProgress;
		};
		F6E6654026030DD6005043FF /* PBXContainerItemProxy */ = {
			isa = PBXContainerItemProxy;
			containerPortal = F6E6651126030DD4005043FF /* Project object */;
			proxyType = 1;
			remoteGlobalIDString = F6E6651826030DD4005043FF;
			remoteInfo = PSCircleProgress;
		};
/* End PBXContainerItemProxy section */

/* Begin PBXFileReference section */
		F6E6651926030DD4005043FF /* PSCircleProgress.app */ = {isa = PBXFileReference; explicitFileType = wrapper.application; includeInIndex = 0; path = PSCircleProgress.app; sourceTree = BUILT_PRODUCTS_DIR; };
		F6E6651C26030DD4005043FF /* AppDelegate.h */ = {isa = PBXFileReference; lastKnownFileType = sourcecode.c.h; path = AppDelegate.h; sourceTree = "<group>"; };
		F6E6651D26030DD4005043FF /* AppDelegate.m */ = {isa = PBXFileReference; lastKnownFileType = sourcecode.c.objc; path = AppDelegate.m; sourceTree = "<group>"; };
		F6E6651F26030DD4005043FF /* SceneDelegate.h */ = {isa = PBXFileReference; lastKnownFileType = sourcecode.c.h; path = SceneDelegate.h; sourceTree = "<group>"; };
		F6E6652026030DD4005043FF /* SceneDelegate.m */ = {isa = PBXFileReference; lastKnownFileType = sourcecode.c.objc; path = SceneDelegate.m; sourceTree = "<group>"; };
		F6E6652226030DD4005043FF /* ViewController.h */ = {isa = PBXFileReference; lastKnownFileType = sourcecode.c.h; path = ViewController.h; sourceTree = "<group>"; };
		F6E6652326030DD4005043FF /* ViewController.m */ = {isa = PBXFileReference; lastKnownFileType = sourcecode.c.objc; path = ViewController.m; sourceTree = "<group>"; };
		F6E6652626030DD4005043FF /* Base */ = {isa = PBXFileReference; lastKnownFileType = file.storyboard; name = Base; path = Base.lproj/Main.storyboard; sourceTree = "<group>"; };
		F6E6652826030DD6005043FF /* Assets.xcassets */ = {isa = PBXFileReference; lastKnownFileType = folder.assetcatalog; path = Assets.xcassets; sourceTree = "<group>"; };
		F6E6652B26030DD6005043FF /* Base */ = {isa = PBXFileReference; lastKnownFileType = file.storyboard; name = Base; path = Base.lproj/LaunchScreen.storyboard; sourceTree = "<group>"; };
		F6E6652D26030DD6005043FF /* Info.plist */ = {isa = PBXFileReference; lastKnownFileType = text.plist.xml; path = Info.plist; sourceTree = "<group>"; };
		F6E6652E26030DD6005043FF /* main.m */ = {isa = PBXFileReference; lastKnownFileType = sourcecode.c.objc; path = main.m; sourceTree = "<group>"; };
		F6E6653426030DD6005043FF /* PSCircleProgressTests.xctest */ = {isa = PBXFileReference; explicitFileType = wrapper.cfbundle; includeInIndex = 0; path = PSCircleProgressTests.xctest; sourceTree = BUILT_PRODUCTS_DIR; };
		F6E6653826030DD6005043FF /* PSCircleProgressTests.m */ = {isa = PBXFileReference; lastKnownFileType = sourcecode.c.objc; path = PSCircleProgressTests.m; sourceTree = "<group>"; };
		F6E6653A26030DD6005043FF /* Info.plist */ = {isa = PBXFileReference; lastKnownFileType = text.plist.xml; path = Info.plist; sourceTree = "<group>"; };
		F6E6653F26030DD6005043FF /* PSCircleProgressUITests.xctest */ = {isa = PBXFileReference; explicitFileType = wrapper.cfbundle; includeInIndex = 0; path = PSCircleProgressUITests.xctest; sourceTree = BUILT_PRODUCTS_DIR; };
		F6E6654326030DD6005043FF /* PSCircleProgressUITests.m */ = {isa = PBXFileReference; lastKnownFileType = sourcecode.c.objc; path = PSCircleProgressUITests.m; sourceTree = "<group>"; };
		F6E6654526030DD6005043FF /* Info.plist */ = {isa = PBXFileReference; lastKnownFileType = text.plist.xml; path = Info.plist; sourceTree = "<group>"; };
/* End PBXFileReference section */

/* Begin PBXFrameworksBuildPhase section */
		F6E6651626030DD4005043FF /* Frameworks */ = {
			isa = PBXFrameworksBuildPhase;
			buildActionMask = 2147483647;
			files = (
			);
			runOnlyForDeploymentPostprocessing = 0;
		};
		F6E6653126030DD6005043FF /* Frameworks */ = {
			isa = PBXFrameworksBuildPhase;
			buildActionMask = 2147483647;
			files = (
			);
			runOnlyForDeploymentPostprocessing = 0;
		};
		F6E6653C26030DD6005043FF /* Frameworks */ = {
			isa = PBXFrameworksBuildPhase;
			buildActionMask = 2147483647;
			files = (
			);
			runOnlyForDeploymentPostprocessing = 0;
		};
/* End PBXFrameworksBuildPhase section */

/* Begin PBXGroup section */
		F6E6651026030DD4005043FF = {
			isa = PBXGroup;
			children = (
				F6E6651B26030DD4005043FF /* PSCircleProgress */,
				F6E6653726030DD6005043FF /* PSCircleProgressTests */,
				F6E6654226030DD6005043FF /* PSCircleProgressUITests */,
				F6E6651A26030DD4005043FF /* Products */,
			);
			sourceTree = "<group>";
		};
		F6E6651A26030DD4005043FF /* Products */ = {
			isa = PBXGroup;
			children = (
				F6E6651926030DD4005043FF /* PSCircleProgress.app */,
				F6E6653426030DD6005043FF /* PSCircleProgressTests.xctest */,
				F6E6653F26030DD6005043FF /* PSCircleProgressUITests.xctest */,
			);
			name = Products;
			sourceTree = "<group>";
		};
		F6E6651B26030DD4005043FF /* PSCircleProgress */ = {
			isa = PBXGroup;
			children = (
				F6E6651C26030DD4005043FF /* AppDelegate.h */,
				F6E6651D26030DD4005043FF /* AppDelegate.m */,
				F6E6651F26030DD4005043FF /* SceneDelegate.h */,
				F6E6652026030DD4005043FF /* SceneDelegate.m */,
				F6E6652226030DD4005043FF /* ViewController.h */,
				F6E6652326030DD4005043FF /* ViewController.m */,
				F6E6652526030DD4005043FF /* Main.storyboard */,
				F6E6652826030DD6005043FF /* Assets.xcassets */,
				F6E6652A26030DD6005043FF /* LaunchScreen.storyboard */,
				F6E6652D26030DD6005043FF /* Info.plist */,
				F6E6652E26030DD6005043FF /* main.m */,
			);
			path = PSCircleProgress;
			sourceTree = "<group>";
		};
		F6E6653726030DD6005043FF /* PSCircleProgressTests */ = {
			isa = PBXGroup;
			children = (
				F6E6653826030DD6005043FF /* PSCircleProgressTests.m */,
				F6E6653A26030DD6005043FF /* Info.plist */,
			);
			path = PSCircleProgressTests;
			sourceTree = "<group>";
		};
		F6E6654226030DD6005043FF /* PSCircleProgressUITests */ = {
			isa = PBXGroup;
			children = (
				F6E6654326030DD6005043FF /* PSCircleProgressUITests.m */,
				F6E6654526030DD6005043FF /* Info.plist */,
			);
			path = PSCircleProgressUITests;
			sourceTree = "<group>";
		};
/* End PBXGroup section */

/* Begin PBXNativeTarget section */
		F6E6651826030DD4005043FF /* PSCircleProgress */ = {
			isa = PBXNativeTarget;
			buildConfigurationList = F6E6654826030DD6005043FF /* Build configuration list for PBXNativeTarget "PSCircleProgress" */;
			buildPhases = (
				F6E6651526030DD4005043FF /* Sources */,
				F6E6651626030DD4005043FF /* Frameworks */,
				F6E6651726030DD4005043FF /* Resources */,
			);
			buildRules = (
			);
			dependencies = (
			);
			name = PSCircleProgress;
			productName = PSCircleProgress;
			productReference = F6E6651926030DD4005043FF /* PSCircleProgress.app */;
			productType = "com.apple.product-type.application";
		};
		F6E6653326030DD6005043FF /* PSCircleProgressTests */ = {
			isa = PBXNativeTarget;
			buildConfigurationList = F6E6654B26030DD6005043FF /* Build configuration list for PBXNativeTarget "PSCircleProgressTests" */;
			buildPhases = (
				F6E6653026030DD6005043FF /* Sources */,
				F6E6653126030DD6005043FF /* Frameworks */,
				F6E6653226030DD6005043FF /* Resources */,
			);
			buildRules = (
			);
			dependencies = (
				F6E6653626030DD6005043FF /* PBXTargetDependency */,
			);
			name = PSCircleProgressTests;
			productName = PSCircleProgressTests;
			productReference = F6E6653426030DD6005043FF /* PSCircleProgressTests.xctest */;
			productType = "com.apple.product-type.bundle.unit-test";
		};
		F6E6653E26030DD6005043FF /* PSCircleProgressUITests */ = {
			isa = PBXNativeTarget;
			buildConfigurationList = F6E6654E26030DD6005043FF /* Build configuration list for PBXNativeTarget "PSCircleProgressUITests" */;
			buildPhases = (
				F6E6653B26030DD6005043FF /* Sources */,
				F6E6653C26030DD6005043FF /* Frameworks */,
				F6E6653D26030DD6005043FF /* Resources */,
			);
			buildRules = (
			);
			dependencies = (
				F6E6654126030DD6005043FF /* PBXTargetDependency */,
			);
			name = PSCircleProgressUITests;
			productName = PSCircleProgressUITests;
			productReference = F6E6653F26030DD6005043FF /* PSCircleProgressUITests.xctest */;
			productType = "com.apple.product-type.bundle.ui-testing";
		};
/* End PBXNativeTarget section */

/* Begin PBXProject section */
		F6E6651126030DD4005043FF /* Project object */ = {
			isa = PBXProject;
			attributes = {
				LastUpgradeCheck = 1140;
				ORGANIZATIONNAME = SGJ;
				TargetAttributes = {
					F6E6651826030DD4005043FF = {
						CreatedOnToolsVersion = 11.4.1;
					};
					F6E6653326030DD6005043FF = {
						CreatedOnToolsVersion = 11.4.1;
						TestTargetID = F6E6651826030DD4005043FF;
					};
					F6E6653E26030DD6005043FF = {
						CreatedOnToolsVersion = 11.4.1;
						TestTargetID = F6E6651826030DD4005043FF;
					};
				};
			};
			buildConfigurationList = F6E6651426030DD4005043FF /* Build configuration list for PBXProject "PSCircleProgress" */;
			compatibilityVersion = "Xcode 9.3";
			developmentRegion = en;
			hasScannedForEncodings = 0;
			knownRegions = (
				en,
				Base,
			);
			mainGroup = F6E6651026030DD4005043FF;
			productRefGroup = F6E6651A26030DD4005043FF /* Products */;
			projectDirPath = "";
			projectRoot = "";
			targets = (
				F6E6651826030DD4005043FF /* PSCircleProgress */,
				F6E6653326030DD6005043FF /* PSCircleProgressTests */,
				F6E6653E26030DD6005043FF /* PSCircleProgressUITests */,
			);
		};
/* End PBXProject section */

/* Begin PBXResourcesBuildPhase section */
		F6E6651726030DD4005043FF /* Resources */ = {
			isa = PBXResourcesBuildPhase;
			buildActionMask = 2147483647;
			files = (
				F6E6652C26030DD6005043FF /* LaunchScreen.storyboard in Resources */,
				F6E6652926030DD6005043FF /* Assets.xcassets in Resources */,
				F6E6652726030DD4005043FF /* Main.storyboard in Resources */,
			);
			runOnlyForDeploymentPostprocessing = 0;
		};
		F6E6653226030DD6005043FF /* Resources */ = {
			isa = PBXResourcesBuildPhase;
			buildActionMask = 2147483647;
			files = (
			);
			runOnlyForDeploymentPostprocessing = 0;
		};
		F6E6653D26030DD6005043FF /* Resources */ = {
			isa = PBXResourcesBuildPhase;
			buildActionMask = 2147483647;
			files = (
			);
			runOnlyForDeploymentPostprocessing = 0;
		};
/* End PBXResourcesBuildPhase section */

/* Begin PBXSourcesBuildPhase section */
		F6E6651526030DD4005043FF /* Sources */ = {
			isa = PBXSourcesBuildPhase;
			buildActionMask = 2147483647;
			files = (
				F6E6652426030DD4005043FF /* ViewController.m in Sources */,
				F6E6651E26030DD4005043FF /* AppDelegate.m in Sources */,
				F6E6652F26030DD6005043FF /* main.m in Sources */,
				F6E6652126030DD4005043FF /* SceneDelegate.m in Sources */,
			);
			runOnlyForDeploymentPostprocessing = 0;
		};
		F6E6653026030DD6005043FF /* Sources */ = {
			isa = PBXSourcesBuildPhase;
			buildActionMask = 2147483647;
			files = (
				F6E6653926030DD6005043FF /* PSCircleProgressTests.m in Sources */,
			);
			runOnlyForDeploymentPostprocessing = 0;
		};
		F6E6653B26030DD6005043FF /* Sources */ = {
			isa = PBXSourcesBuildPhase;
			buildActionMask = 2147483647;
			files = (
				F6E6654426030DD6005043FF /* PSCircleProgressUITests.m in Sources */,
			);
			runOnlyForDeploymentPostprocessing = 0;
		};
/* End PBXSourcesBuildPhase section */

/* Begin PBXTargetDependency section */
		F6E6653626030DD6005043FF /* PBXTargetDependency */ = {
			isa = PBXTargetDependency;
			target = F6E6651826030DD4005043FF /* PSCircleProgress */;
			targetProxy = F6E6653526030DD6005043FF /* PBXContainerItemProxy */;
		};
		F6E6654126030DD6005043FF /* PBXTargetDependency */ = {
			isa = PBXTargetDependency;
			target = F6E6651826030DD4005043FF /* PSCircleProgress */;
			targetProxy = F6E6654026030DD6005043FF /* PBXContainerItemProxy */;
		};
/* End PBXTargetDependency section */

/* Begin PBXVariantGroup section */
		F6E6652526030DD4005043FF /* Main.storyboard */ = {
			isa = PBXVariantGroup;
			children = (
				F6E6652626030DD4005043FF /* Base */,
			);
			name = Main.storyboard;
			sourceTree = "<group>";
		};
		F6E6652A26030DD6005043FF /* LaunchScreen.storyboard */ = {
			isa = PBXVariantGroup;
			children = (
				F6E6652B26030DD6005043FF /* Base */,
			);
			name = LaunchScreen.storyboard;
			sourceTree = "<group>";
		};
/* End PBXVariantGroup section */

/* Begin XCBuildConfiguration section */
		F6E6654626030DD6005043FF /* Debug */ = {
			isa = XCBuildConfiguration;
			buildSettings = {
				ALWAYS_SEARCH_USER_PATHS = NO;
				CLANG_ANALYZER_NONNULL = YES;
				CLANG_ANALYZER_NUMBER_OBJECT_CONVERSION = YES_AGGRESSIVE;
				CLANG_CXX_LANGUAGE_STANDARD = "gnu++14";
				CLANG_CXX_LIBRARY = "libc++";
				CLANG_ENABLE_MODULES = YES;
				CLANG_ENABLE_OBJC_ARC = YES;
				CLANG_ENABLE_OBJC_WEAK = YES;
				CLANG_WARN_BLOCK_CAPTURE_AUTORELEASING = YES;
				CLANG_WARN_BOOL_CONVERSION = YES;
				CLANG_WARN_COMMA = YES;
				CLANG_WARN_CONSTANT_CONVERSION = YES;
				CLANG_WARN_DEPRECATED_OBJC_IMPLEMENTATIONS = YES;
				CLANG_WARN_DIRECT_OBJC_ISA_USAGE = YES_ERROR;
				CLANG_WARN_DOCUMENTATION_COMMENTS = YES;
				CLANG_WARN_EMPTY_BODY = YES;
				CLANG_WARN_ENUM_CONVERSION = YES;
				CLANG_WARN_INFINITE_RECURSION = YES;
				CLANG_WARN_INT_CONVERSION = YES;
				CLANG_WARN_NON_LITERAL_NULL_CONVERSION = YES;
				CLANG_WARN_OBJC_IMPLICIT_RETAIN_SELF = YES;
				CLANG_WARN_OBJC_LITERAL_CONVERSION = YES;
				CLANG_WARN_OBJC_ROOT_CLASS = YES_ERROR;
				CLANG_WARN_RANGE_LOOP_ANALYSIS = YES;
				CLANG_WARN_STRICT_PROTOTYPES = YES;
				CLANG_WARN_SUSPICIOUS_MOVE = YES;
				CLANG_WARN_UNGUARDED_AVAILABILITY = YES_AGGRESSIVE;
				CLANG_WARN_UNREACHABLE_CODE = YES;
				CLANG_WARN__DUPLICATE_METHOD_MATCH = YES;
				COPY_PHASE_STRIP = NO;
				DEBUG_INFORMATION_FORMAT = dwarf;
				ENABLE_STRICT_OBJC_MSGSEND = YES;
				ENABLE_TESTABILITY = YES;
				GCC_C_LANGUAGE_STANDARD = gnu11;
				GCC_DYNAMIC_NO_PIC = NO;
				GCC_NO_COMMON_BLOCKS = YES;
				GCC_OPTIMIZATION_LEVEL = 0;
				GCC_PREPROCESSOR_DEFINITIONS = (
					"DEBUG=1",
					"$(inherited)",
				);
				GCC_WARN_64_TO_32_BIT_CONVERSION = YES;
				GCC_WARN_ABOUT_RETURN_TYPE = YES_ERROR;
				GCC_WARN_UNDECLARED_SELECTOR = YES;
				GCC_WARN_UNINITIALIZED_AUTOS = YES_AGGRESSIVE;
				GCC_WARN_UNUSED_FUNCTION = YES;
				GCC_WARN_UNUSED_VARIABLE = YES;
				IPHONEOS_DEPLOYMENT_TARGET = 13.4;
				MTL_ENABLE_DEBUG_INFO = INCLUDE_SOURCE;
				MTL_FAST_MATH = YES;
				ONLY_ACTIVE_ARCH = YES;
				SDKROOT = iphoneos;
			};
			name = Debug;
		};
		F6E6654726030DD6005043FF /* Release */ = {
			isa = XCBuildConfiguration;
			buildSettings = {
				ALWAYS_SEARCH_USER_PATHS = NO;
				CLANG_ANALYZER_NONNULL = YES;
				CLANG_ANALYZER_NUMBER_OBJECT_CONVERSION = YES_AGGRESSIVE;
				CLANG_CXX_LANGUAGE_STANDARD = "gnu++14";
				CLANG_CXX_LIBRARY = "libc++";
				CLANG_ENABLE_MODULES = YES;
				CLANG_ENABLE_OBJC_ARC = YES;
				CLANG_ENABLE_OBJC_WEAK = YES;
				CLANG_WARN_BLOCK_CAPTURE_AUTORELEASING = YES;
				CLANG_WARN_BOOL_CONVERSION = YES;
				CLANG_WARN_COMMA = YES;
				CLANG_WARN_CONSTANT_CONVERSION = YES;
				CLANG_WARN_DEPRECATED_OBJC_IMPLEMENTATIONS = YES;
				CLANG_WARN_DIRECT_OBJC_ISA_USAGE = YES_ERROR;
				CLANG_WARN_DOCUMENTATION_COMMENTS = YES;
				CLANG_WARN_EMPTY_BODY = YES;
				CLANG_WARN_ENUM_CONVERSION = YES;
				CLANG_WARN_INFINITE_RECURSION = YES;
				CLANG_WARN_INT_CONVERSION = YES;
				CLANG_WARN_NON_LITERAL_NULL_CONVERSION = YES;
				CLANG_WARN_OBJC_IMPLICIT_RETAIN_SELF = YES;
				CLANG_WARN_OBJC_LITERAL_CONVERSION = YES;
				CLANG_WARN_OBJC_ROOT_CLASS = YES_ERROR;
				CLANG_WARN_RANGE_LOOP_ANALYSIS = YES;
				CLANG_WARN_STRICT_PROTOTYPES = YES;
				CLANG_WARN_SUSPICIOUS_MOVE = YES;
				CLANG_WARN_UNGUARDED_AVAILABILITY = YES_AGGRESSIVE;
				CLANG_WARN_UNREACHABLE_CODE = YES;
				CLANG_WARN__DUPLICATE_METHOD_MATCH = YES;
				COPY_PHASE_STRIP = NO;
				DEBUG_INFORMATION_FORMAT = "dwarf-with-dsym";
				ENABLE_NS_ASSERTIONS = NO;
				ENABLE_STRICT_OBJC_MSGSEND = YES;
				GCC_C_LANGUAGE_STANDARD = gnu11;
				GCC_NO_COMMON_BLOCKS = YES;
				GCC_WARN_64_TO_32_BIT_CONVERSION = YES;
				GCC_WARN_ABOUT_RETURN_TYPE = YES_ERROR;
				GCC_WARN_UNDECLARED_SELECTOR = YES;
				GCC_WARN_UNINITIALIZED_AUTOS = YES_AGGRESSIVE;
				GCC_WARN_UNUSED_FUNCTION = YES;
				GCC_WARN_UNUSED_VARIABLE = YES;
				IPHONEOS_DEPLOYMENT_TARGET = 13.4;
				MTL_ENABLE_DEBUG_INFO = NO;
				MTL_FAST_MATH = YES;
				SDKROOT = iphoneos;
				VALIDATE_PRODUCT = YES;
			};
			name = Release;
		};
		F6E6654926030DD6005043FF /* Debug */ = {
			isa = XCBuildConfiguration;
			buildSettings = {
				ASSETCATALOG_COMPILER_APPICON_NAME = AppIcon;
				CODE_SIGN_STYLE = Automatic;
				DEVELOPMENT_TEAM = 97QJCYC5T5;
				INFOPLIST_FILE = PSCircleProgress/Info.plist;
				LD_RUNPATH_SEARCH_PATHS = (
					"$(inherited)",
					"@executable_path/Frameworks",
				);
				PRODUCT_BUNDLE_IDENTIFIER = com.shiguangkeji.PSCircleProgress;
				PRODUCT_NAME = "$(TARGET_NAME)";
				TARGETED_DEVICE_FAMILY = "1,2";
			};
			name = Debug;
		};
		F6E6654A26030DD6005043FF /* Release */ = {
			isa = XCBuildConfiguration;
			buildSettings = {
				ASSETCATALOG_COMPILER_APPICON_NAME = AppIcon;
				CODE_SIGN_STYLE = Automatic;
				DEVELOPMENT_TEAM = 97QJCYC5T5;
				INFOPLIST_FILE = PSCircleProgress/Info.plist;
				LD_RUNPATH_SEARCH_PATHS = (
					"$(inherited)",
					"@executable_path/Frameworks",
				);
				PRODUCT_BUNDLE_IDENTIFIER = com.shiguangkeji.PSCircleProgress;
				PRODUCT_NAME = "$(TARGET_NAME)";
				TARGETED_DEVICE_FAMILY = "1,2";
			};
			name = Release;
		};
		F6E6654C26030DD6005043FF /* Debug */ = {
			isa = XCBuildConfiguration;
			buildSettings = {
				BUNDLE_LOADER = "$(TEST_HOST)";
				CODE_SIGN_STYLE = Automatic;
				DEVELOPMENT_TEAM = 97QJCYC5T5;
				INFOPLIST_FILE = PSCircleProgressTests/Info.plist;
				IPHONEOS_DEPLOYMENT_TARGET = 13.4;
				LD_RUNPATH_SEARCH_PATHS = (
					"$(inherited)",
					"@executable_path/Frameworks",
					"@loader_path/Frameworks",
				);
				PRODUCT_BUNDLE_IDENTIFIER = com.shiguangkeji.PSCircleProgressTests;
				PRODUCT_NAME = "$(TARGET_NAME)";
				TARGETED_DEVICE_FAMILY = "1,2";
				TEST_HOST = "$(BUILT_PRODUCTS_DIR)/PSCircleProgress.app/PSCircleProgress";
			};
			name = Debug;
		};
		F6E6654D26030DD6005043FF /* Release */ = {
			isa = XCBuildConfiguration;
			buildSettings = {
				BUNDLE_LOADER = "$(TEST_HOST)";
				CODE_SIGN_STYLE = Automatic;
				DEVELOPMENT_TEAM = 97QJCYC5T5;
				INFOPLIST_FILE = PSCircleProgressTests/Info.plist;
				IPHONEOS_DEPLOYMENT_TARGET = 13.4;
				LD_RUNPATH_SEARCH_PATHS = (
					"$(inherited)",
					"@executable_path/Frameworks",
					"@loader_path/Frameworks",
				);
				PRODUCT_BUNDLE_IDENTIFIER = com.shiguangkeji.PSCircleProgressTests;
				PRODUCT_NAME = "$(TARGET_NAME)";
				TARGETED_DEVICE_FAMILY = "1,2";
				TEST_HOST = "$(BUILT_PRODUCTS_DIR)/PSCircleProgress.app/PSCircleProgress";
			};
			name = Release;
		};
		F6E6654F26030DD6005043FF /* Debug */ = {
			isa = XCBuildConfiguration;
			buildSettings = {
				CODE_SIGN_STYLE = Automatic;
				DEVELOPMENT_TEAM = 97QJCYC5T5;
				INFOPLIST_FILE = PSCircleProgressUITests/Info.plist;
				LD_RUNPATH_SEARCH_PATHS = (
					"$(inherited)",
					"@executable_path/Frameworks",
					"@loader_path/Frameworks",
				);
				PRODUCT_BUNDLE_IDENTIFIER = com.shiguangkeji.PSCircleProgressUITests;
				PRODUCT_NAME = "$(TARGET_NAME)";
				TARGETED_DEVICE_FAMILY = "1,2";
				TEST_TARGET_NAME = PSCircleProgress;
			};
			name = Debug;
		};
		F6E6655026030DD6005043FF /* Release */ = {
			isa = XCBuildConfiguration;
			buildSettings = {
				CODE_SIGN_STYLE = Automatic;
				DEVELOPMENT_TEAM = 97QJCYC5T5;
				INFOPLIST_FILE = PSCircleProgressUITests/Info.plist;
				LD_RUNPATH_SEARCH_PATHS = (
					"$(inherited)",
					"@executable_path/Frameworks",
					"@loader_path/Frameworks",
				);
				PRODUCT_BUNDLE_IDENTIFIER = com.shiguangkeji.PSCircleProgressUITests;
				PRODUCT_NAME = "$(TARGET_NAME)";
				TARGETED_DEVICE_FAMILY = "1,2";
				TEST_TARGET_NAME = PSCircleProgress;
			};
			name = Release;
		};
/* End XCBuildConfiguration section */

/* Begin XCConfigurationList section */
		F6E6651426030DD4005043FF /* Build configuration list for PBXProject "PSCircleProgress" */ = {
			isa = XCConfigurationList;
			buildConfigurations = (
				F6E6654626030DD6005043FF /* Debug */,
				F6E6654726030DD6005043FF /* Release */,
			);
			defaultConfigurationIsVisible = 0;
			defaultConfigurationName = Release;
		};
		F6E6654826030DD6005043FF /* Build configuration list for PBXNativeTarget "PSCircleProgress" */ = {
			isa = XCConfigurationList;
			buildConfigurations = (
				F6E6654926030DD6005043FF /* Debug */,
				F6E6654A26030DD6005043FF /* Release */,
			);
			defaultConfigurationIsVisible = 0;
			defaultConfigurationName = Release;
		};
		F6E6654B26030DD6005043FF /* Build configuration list for PBXNativeTarget "PSCircleProgressTests" */ = {
			isa = XCConfigurationList;
			buildConfigurations = (
				F6E6654C26030DD6005043FF /* Debug */,
				F6E6654D26030DD6005043FF /* Release */,
			);
			defaultConfigurationIsVisible = 0;
			defaultConfigurationName = Release;
		};
		F6E6654E26030DD6005043FF /* Build configuration list for PBXNativeTarget "PSCircleProgressUITests" */ = {
			isa = XCConfigurationList;
			buildConfigurations = (
				F6E6654F26030DD6005043FF /* Debug */,
				F6E6655026030DD6005043FF /* Release */,
			);
			defaultConfigurationIsVisible = 0;
			defaultConfigurationName = Release;
		};
/* End XCConfigurationList section */
	};
	rootObject = F6E6651126030DD4005043FF /* Project object */;
}
